
Microsoft Visual Studio Solution File, Format Version 12.00
# Visual Studio 2013
VisualStudioVersion = 12.0.40629.0
MinimumVisualStudioVersion = 10.0.40219.1
Project("{FAE04EC0-301F-11D3-BF4B-00C04F79EFBC}") = "Search_as_a_service_azure", "Search_as_a_service_azure\Search_as_a_service_azure.csproj", "{C02B3D4C-1FAE-4A5B-A406-D74983C71AF4}"
EndProject
Project("{FAE04EC0-301F-11D3-BF4B-00C04F79EFBC}") = "Search_as_a_service_azure.Tests", "Search_as_a_service_azure.Tests\Search_as_a_service_azure.Tests.csproj", "{367BA558-0274-4B8F-9F9A-F1D20CFD9768}"
EndProject
Global
	GlobalSection(SolutionConfigurationPlatforms) = preSolution
		Debug|Any CPU = Debug|Any CPU
		Release|Any CPU = Release|Any CPU
	EndGlobalSection
	GlobalSection(ProjectConfigurationPlatforms) = postSolution
		{C02B3D4C-1FAE-4A5B-A406-D74983C71AF4}.Debug|Any CPU.ActiveCfg = Debug|Any CPU
		{C02B3D4C-1FAE-4A5B-A406-D74983C71AF4}.Debug|Any CPU.Build.0 = Debug|Any CPU
		{C02B3D4C-1FAE-4A5B-A406-D74983C71AF4}.Release|Any CPU.ActiveCfg = Release|Any CPU
		{C02B3D4C-1FAE-4A5B-A406-D74983C71AF4}.Release|Any CPU.Build.0 = Release|Any CPU
		{367BA558-0274-4B8F-9F9A-F1D20CFD9768}.Debug|Any CPU.ActiveCfg = Debug|Any CPU
		{367BA558-0274-4B8F-9F9A-F1D20CFD9768}.Debug|Any CPU.Build.0 = Debug|Any CPU
		{367BA558-0274-4B8F-9F9A-F1D20CFD9768}.Release|Any CPU.ActiveCfg = Release|Any CPU
		{367BA558-0274-4B8F-9F9A-F1D20CFD9768}.Release|Any CPU.Build.0 = Release|Any CPU
	EndGlobalSection
	GlobalSection(SolutionProperties) = preSolution
		HideSolutionNode = FALSE
	EndGlobalSection
EndGlobal
